
Microsoft Visual Studio Solution File, Format Version 12.00
# Visual Studio Version 17
VisualStudioVersion = 17.2.32616.157
MinimumVisualStudioVersion = 10.0.40219.1
Project("{FAE04EC0-301F-11D3-BF4B-00C04F79EFBC}") = "WinFormsAppTimer", "WinFormsAppTimer\WinFormsAppTimer.csproj", "{49BAE3CF-796D-42D4-9CC3-07754CFB7581}"
EndProject
Project("{FAE04EC0-301F-11D3-BF4B-00C04F79EFBC}") = "WinFormsAppTimerBall", "WinFormsAppTimerBall\WinFormsAppTimerBall.csproj", "{C29CC673-42FC-43CF-B395-18BBC90E05FE}"
EndProject
Project("{FAE04EC0-301F-11D3-BF4B-00C04F79EFBC}") = "WinFormsAppNote", "WinFormsAppNote\WinFormsAppNote.csproj", "{7F09D96A-382D-4CBF-A6E1-E94FFDCCB6E1}"
EndProject
Project("{FAE04EC0-301F-11D3-BF4B-00C04F79EFBC}") = "WinFormsAppOpenFileNote", "WinFormsAppOpenFileNote\WinFormsAppOpenFileNote.csproj", "{9EA5AEAE-7E73-482C-9245-4A295C99034E}"
EndProject
Project("{FAE04EC0-301F-11D3-BF4B-00C04F79EFBC}") = "WinFormsAppMenu", "WinFormsAppMenu\WinFormsAppMenu.csproj", "{50E6DF55-B9FB-4557-82EB-0BCA5AEA769F}"
EndProject
Global
	GlobalSection(SolutionConfigurationPlatforms) = preSolution
		Debug|Any CPU = Debug|Any CPU
		Release|Any CPU = Release|Any CPU
	EndGlobalSection
	GlobalSection(ProjectConfigurationPlatforms) = postSolution
		{49BAE3CF-796D-42D4-9CC3-07754CFB7581}.Debug|Any CPU.ActiveCfg = Debug|Any CPU
		{49BAE3CF-796D-42D4-9CC3-07754CFB7581}.Debug|Any CPU.Build.0 = Debug|Any CPU
		{49BAE3CF-796D-42D4-9CC3-07754CFB7581}.Release|Any CPU.ActiveCfg = Release|Any CPU
		{49BAE3CF-796D-42D4-9CC3-07754CFB7581}.Release|Any CPU.Build.0 = Release|Any CPU
		{C29CC673-42FC-43CF-B395-18BBC90E05FE}.Debug|Any CPU.ActiveCfg = Debug|Any CPU
		{C29CC673-42FC-43CF-B395-18BBC90E05FE}.Debug|Any CPU.Build.0 = Debug|Any CPU
		{C29CC673-42FC-43CF-B395-18BBC90E05FE}.Release|Any CPU.ActiveCfg = Release|Any CPU
		{C29CC673-42FC-43CF-B395-18BBC90E05FE}.Release|Any CPU.Build.0 = Release|Any CPU
		{7F09D96A-382D-4CBF-A6E1-E94FFDCCB6E1}.Debug|Any CPU.ActiveCfg = Debug|Any CPU
		{7F09D96A-382D-4CBF-A6E1-E94FFDCCB6E1}.Debug|Any CPU.Build.0 = Debug|Any CPU
		{7F09D96A-382D-4CBF-A6E1-E94FFDCCB6E1}.Release|Any CPU.ActiveCfg = Release|Any CPU
		{7F09D96A-382D-4CBF-A6E1-E94FFDCCB6E1}.Release|Any CPU.Build.0 = Release|Any CPU
		{9EA5AEAE-7E73-482C-9245-4A295C99034E}.Debug|Any CPU.ActiveCfg = Debug|Any CPU
		{9EA5AEAE-7E73-482C-9245-4A295C99034E}.Debug|Any CPU.Build.0 = Debug|Any CPU
		{9EA5AEAE-7E73-482C-9245-4A295C99034E}.Release|Any CPU.ActiveCfg = Release|Any CPU
		{9EA5AEAE-7E73-482C-9245-4A295C99034E}.Release|Any CPU.Build.0 = Release|Any CPU
		{50E6DF55-B9FB-4557-82EB-0BCA5AEA769F}.Debug|Any CPU.ActiveCfg = Debug|Any CPU
		{50E6DF55-B9FB-4557-82EB-0BCA5AEA769F}.Debug|Any CPU.Build.0 = Debug|Any CPU
		{50E6DF55-B9FB-4557-82EB-0BCA5AEA769F}.Release|Any CPU.ActiveCfg = Release|Any CPU
		{50E6DF55-B9FB-4557-82EB-0BCA5AEA769F}.Release|Any CPU.Build.0 = Release|Any CPU
	EndGlobalSection
	GlobalSection(SolutionProperties) = preSolution
		HideSolutionNode = FALSE
	EndGlobalSection
	GlobalSection(ExtensibilityGlobals) = postSolution
		SolutionGuid = {574A3F7C-58DF-4EEC-8C82-C28A28666602}
	EndGlobalSection
EndGlobal
