
Microsoft Visual Studio Solution File, Format Version 12.00
# Visual Studio Version 17
VisualStudioVersion = 17.2.32616.157
MinimumVisualStudioVersion = 10.0.40219.1
Project("{FAE04EC0-301F-11D3-BF4B-00C04F79EFBC}") = "WinFormsAppSqlConnection", "WinFormsAppSqlConnection\WinFormsAppSqlConnection.csproj", "{FD0F6A7C-5EB3-44E5-80AF-999E835BDE7E}"
EndProject
Global
	GlobalSection(SolutionConfigurationPlatforms) = preSolution
		Debug|Any CPU = Debug|Any CPU
		Release|Any CPU = Release|Any CPU
	EndGlobalSection
	GlobalSection(ProjectConfigurationPlatforms) = postSolution
		{FD0F6A7C-5EB3-44E5-80AF-999E835BDE7E}.Debug|Any CPU.ActiveCfg = Debug|Any CPU
		{FD0F6A7C-5EB3-44E5-80AF-999E835BDE7E}.Debug|Any CPU.Build.0 = Debug|Any CPU
		{FD0F6A7C-5EB3-44E5-80AF-999E835BDE7E}.Release|Any CPU.ActiveCfg = Release|Any CPU
		{FD0F6A7C-5EB3-44E5-80AF-999E835BDE7E}.Release|Any CPU.Build.0 = Release|Any CPU
	EndGlobalSection
	GlobalSection(SolutionProperties) = preSolution
		HideSolutionNode = FALSE
	EndGlobalSection
	GlobalSection(ExtensibilityGlobals) = postSolution
		SolutionGuid = {96E21CD5-CBD3-4D54-BCDC-EDD6E9D32951}
	EndGlobalSection
EndGlobal
