
Microsoft Visual Studio Solution File, Format Version 12.00
# Visual Studio Version 17
VisualStudioVersion = 17.2.32616.157
MinimumVisualStudioVersion = 10.0.40219.1
Project("{FAE04EC0-301F-11D3-BF4B-00C04F79EFBC}") = "Ap1", "Ap1\Ap1.csproj", "{B84F36CE-DD64-46A3-A6DD-52AB70441267}"
EndProject
Project("{FAE04EC0-301F-11D3-BF4B-00C04F79EFBC}") = "AP02", "AP02\AP02.csproj", "{16E6B019-3AA2-4604-BD1E-B086629647D5}"
EndProject
Project("{FAE04EC0-301F-11D3-BF4B-00C04F79EFBC}") = "AP_array", "AP_array\AP_array.csproj", "{A7CFC458-7122-4E0B-BDEC-09E202070465}"
EndProject
Project("{FAE04EC0-301F-11D3-BF4B-00C04F79EFBC}") = "App_dice", "App_dice\App_dice.csproj", "{E8CE1419-6451-47CA-9401-722E80E51A1C}"
EndProject
Project("{FAE04EC0-301F-11D3-BF4B-00C04F79EFBC}") = "AP_calA+B", "AP_calA+B\AP_calA+B.csproj", "{3233BAA2-C8D7-4092-A5FF-3C1086ECFFAD}"
EndProject
Project("{FAE04EC0-301F-11D3-BF4B-00C04F79EFBC}") = "Ap_menu", "Ap_menu\Ap_menu.csproj", "{575443DF-CC1B-4B9C-AFCC-6332C229E839}"
EndProject
Project("{FAE04EC0-301F-11D3-BF4B-00C04F79EFBC}") = "Ap_objectOriented", "Ap_objectOriented\Ap_objectOriented.csproj", "{A279A43A-85E8-4901-B826-56347736D6F5}"
EndProject
Project("{FAE04EC0-301F-11D3-BF4B-00C04F79EFBC}") = "AP_readWriter", "AP_readWriter\AP_readWriter.csproj", "{E10005F2-1C9F-4393-B809-7A4C48145A1D}"
EndProject
Project("{FAE04EC0-301F-11D3-BF4B-00C04F79EFBC}") = "WinFormsApp1", "WinFormsApp1\WinFormsApp1.csproj", "{60FB5719-DED5-49B1-928A-D22110E5974D}"
EndProject
Global
	GlobalSection(SolutionConfigurationPlatforms) = preSolution
		Debug|Any CPU = Debug|Any CPU
		Release|Any CPU = Release|Any CPU
	EndGlobalSection
	GlobalSection(ProjectConfigurationPlatforms) = postSolution
		{B84F36CE-DD64-46A3-A6DD-52AB70441267}.Debug|Any CPU.ActiveCfg = Debug|Any CPU
		{B84F36CE-DD64-46A3-A6DD-52AB70441267}.Debug|Any CPU.Build.0 = Debug|Any CPU
		{B84F36CE-DD64-46A3-A6DD-52AB70441267}.Release|Any CPU.ActiveCfg = Release|Any CPU
		{B84F36CE-DD64-46A3-A6DD-52AB70441267}.Release|Any CPU.Build.0 = Release|Any CPU
		{16E6B019-3AA2-4604-BD1E-B086629647D5}.Debug|Any CPU.ActiveCfg = Debug|Any CPU
		{16E6B019-3AA2-4604-BD1E-B086629647D5}.Debug|Any CPU.Build.0 = Debug|Any CPU
		{16E6B019-3AA2-4604-BD1E-B086629647D5}.Release|Any CPU.ActiveCfg = Release|Any CPU
		{16E6B019-3AA2-4604-BD1E-B086629647D5}.Release|Any CPU.Build.0 = Release|Any CPU
		{A7CFC458-7122-4E0B-BDEC-09E202070465}.Debug|Any CPU.ActiveCfg = Debug|Any CPU
		{A7CFC458-7122-4E0B-BDEC-09E202070465}.Debug|Any CPU.Build.0 = Debug|Any CPU
		{A7CFC458-7122-4E0B-BDEC-09E202070465}.Release|Any CPU.ActiveCfg = Release|Any CPU
		{A7CFC458-7122-4E0B-BDEC-09E202070465}.Release|Any CPU.Build.0 = Release|Any CPU
		{E8CE1419-6451-47CA-9401-722E80E51A1C}.Debug|Any CPU.ActiveCfg = Debug|Any CPU
		{E8CE1419-6451-47CA-9401-722E80E51A1C}.Debug|Any CPU.Build.0 = Debug|Any CPU
		{E8CE1419-6451-47CA-9401-722E80E51A1C}.Release|Any CPU.ActiveCfg = Release|Any CPU
		{E8CE1419-6451-47CA-9401-722E80E51A1C}.Release|Any CPU.Build.0 = Release|Any CPU
		{3233BAA2-C8D7-4092-A5FF-3C1086ECFFAD}.Debug|Any CPU.ActiveCfg = Debug|Any CPU
		{3233BAA2-C8D7-4092-A5FF-3C1086ECFFAD}.Debug|Any CPU.Build.0 = Debug|Any CPU
		{3233BAA2-C8D7-4092-A5FF-3C1086ECFFAD}.Release|Any CPU.ActiveCfg = Release|Any CPU
		{3233BAA2-C8D7-4092-A5FF-3C1086ECFFAD}.Release|Any CPU.Build.0 = Release|Any CPU
		{575443DF-CC1B-4B9C-AFCC-6332C229E839}.Debug|Any CPU.ActiveCfg = Debug|Any CPU
		{575443DF-CC1B-4B9C-AFCC-6332C229E839}.Debug|Any CPU.Build.0 = Debug|Any CPU
		{575443DF-CC1B-4B9C-AFCC-6332C229E839}.Release|Any CPU.ActiveCfg = Release|Any CPU
		{575443DF-CC1B-4B9C-AFCC-6332C229E839}.Release|Any CPU.Build.0 = Release|Any CPU
		{A279A43A-85E8-4901-B826-56347736D6F5}.Debug|Any CPU.ActiveCfg = Debug|Any CPU
		{A279A43A-85E8-4901-B826-56347736D6F5}.Debug|Any CPU.Build.0 = Debug|Any CPU
		{A279A43A-85E8-4901-B826-56347736D6F5}.Release|Any CPU.ActiveCfg = Release|Any CPU
		{A279A43A-85E8-4901-B826-56347736D6F5}.Release|Any CPU.Build.0 = Release|Any CPU
		{E10005F2-1C9F-4393-B809-7A4C48145A1D}.Debug|Any CPU.ActiveCfg = Debug|Any CPU
		{E10005F2-1C9F-4393-B809-7A4C48145A1D}.Debug|Any CPU.Build.0 = Debug|Any CPU
		{E10005F2-1C9F-4393-B809-7A4C48145A1D}.Release|Any CPU.ActiveCfg = Release|Any CPU
		{E10005F2-1C9F-4393-B809-7A4C48145A1D}.Release|Any CPU.Build.0 = Release|Any CPU
		{60FB5719-DED5-49B1-928A-D22110E5974D}.Debug|Any CPU.ActiveCfg = Debug|Any CPU
		{60FB5719-DED5-49B1-928A-D22110E5974D}.Debug|Any CPU.Build.0 = Debug|Any CPU
		{60FB5719-DED5-49B1-928A-D22110E5974D}.Release|Any CPU.ActiveCfg = Release|Any CPU
		{60FB5719-DED5-49B1-928A-D22110E5974D}.Release|Any CPU.Build.0 = Release|Any CPU
	EndGlobalSection
	GlobalSection(SolutionProperties) = preSolution
		HideSolutionNode = FALSE
	EndGlobalSection
	GlobalSection(ExtensibilityGlobals) = postSolution
		SolutionGuid = {5DD6C9D3-88FD-4695-A9F4-5C13F2D9A033}
	EndGlobalSection
EndGlobal
